
Microsoft Visual Studio Solution File, Format Version 12.00
# Visual Studio Version 16
VisualStudioVersion = 16.0.31515.178
MinimumVisualStudioVersion = 10.0.40219.1
Project("{9A19103F-16F7-4668-BE54-9A1E7A4F7556}") = "ConnectedCanucks.SFTP", "SFTP\ConnectedCanucks.SFTP.csproj", "{A28E9742-E263-4864-B82B-B1E88130A95A}"
EndProject
Global
	GlobalSection(SolutionConfigurationPlatforms) = preSolution
		Debug|Any CPU = Debug|Any CPU
		Release|Any CPU = Release|Any CPU
	EndGlobalSection
	GlobalSection(ProjectConfigurationPlatforms) = postSolution
		{A28E9742-E263-4864-B82B-B1E88130A95A}.Debug|Any CPU.ActiveCfg = Debug|Any CPU
		{A28E9742-E263-4864-B82B-B1E88130A95A}.Debug|Any CPU.Build.0 = Debug|Any CPU
		{A28E9742-E263-4864-B82B-B1E88130A95A}.Release|Any CPU.ActiveCfg = Release|Any CPU
		{A28E9742-E263-4864-B82B-B1E88130A95A}.Release|Any CPU.Build.0 = Release|Any CPU
	EndGlobalSection
	GlobalSection(SolutionProperties) = preSolution
		HideSolutionNode = FALSE
	EndGlobalSection
	GlobalSection(ExtensibilityGlobals) = postSolution
		SolutionGuid = {2541BBBB-D6D1-4D2F-B00F-A72E8A41772C}
	EndGlobalSection
EndGlobal
